Microsoft Visual Studio Solution File, Format Version 12.00
# Visual Studio Version 17
VisualStudioVersion = 17.5.2.0
MinimumVisualStudioVersion = 10.0.40219.1
Project("{FAE04EC0-301F-11D3-BF4B-00C04F79EFBC}") = "genetic_algorithm", "genetic_algorithm.csproj", "{3946228C-7147-FF7A-2892-C6A0B1CDD9E5}"
EndProject
Global
	GlobalSection(SolutionConfigurationPlatforms) = preSolution
		Debug|Any CPU = Debug|Any CPU
		Release|Any CPU = Release|Any CPU
	EndGlobalSection
	GlobalSection(ProjectConfigurationPlatforms) = postSolution
		{3946228C-7147-FF7A-2892-C6A0B1CDD9E5}.Debug|Any CPU.ActiveCfg = Debug|Any CPU
		{3946228C-7147-FF7A-2892-C6A0B1CDD9E5}.Debug|Any CPU.Build.0 = Debug|Any CPU
		{3946228C-7147-FF7A-2892-C6A0B1CDD9E5}.Release|Any CPU.ActiveCfg = Release|Any CPU
		{3946228C-7147-FF7A-2892-C6A0B1CDD9E5}.Release|Any CPU.Build.0 = Release|Any CPU
	EndGlobalSection
	GlobalSection(SolutionProperties) = preSolution
		HideSolutionNode = FALSE
	EndGlobalSection
	GlobalSection(ExtensibilityGlobals) = postSolution
		SolutionGuid = {AB462EB0-C9AD-4BB2-AE6D-1FB49410252B}
	EndGlobalSection
EndGlobal
